
Microsoft Visual Studio Solution File, Format Version 12.00
# Visual Studio Version 17
VisualStudioVersion = 17.14.36908.2
MinimumVisualStudioVersion = 10.0.40219.1
Project("{FAE04EC0-301F-11D3-BF4B-00C04F79EFBC}") = "BarberBoss.Api", "src\BarberBoss.Api\BarberBoss.Api.csproj", "{8D90B109-9AC2-47F4-81FF-F8961A550F66}"
EndProject
Project("{FAE04EC0-301F-11D3-BF4B-00C04F79EFBC}") = "BarberBoss.Application", "src\BarberBoss.Application\BarberBoss.Application.csproj", "{DFC7FDE3-730A-48F1-953B-5FBCF2F6ED0C}"
EndProject
Project("{FAE04EC0-301F-11D3-BF4B-00C04F79EFBC}") = "BarberBoss.Communication", "src\BarberBoss.Communication\BarberBoss.Communication.csproj", "{7912DBD2-686D-4A0D-AAC6-F1C121E02C30}"
EndProject
Project("{FAE04EC0-301F-11D3-BF4B-00C04F79EFBC}") = "BarberBoss.Domain", "src\BarberBoss.Domain\BarberBoss.Domain.csproj", "{641DBA49-77B9-46F7-8F32-7E892BB2BC11}"
EndProject
Project("{FAE04EC0-301F-11D3-BF4B-00C04F79EFBC}") = "BarberBoss.Exception", "src\BarberBoss.Exception\BarberBoss.Exception.csproj", "{8F6437F8-9D78-4DFB-8DB9-3E76A140B9A5}"
EndProject
Project("{FAE04EC0-301F-11D3-BF4B-00C04F79EFBC}") = "BarberBoss.Infrastructure", "src\BarberBoss.Infrastructure\BarberBoss.Infrastructure.csproj", "{942BA0ED-2A01-4EC9-9435-0DA17CA8C0F2}"
EndProject
Project("{2150E333-8FDC-42A3-9474-1A3956D46DE8}") = "src", "src", "{02EA681E-C7D8-13C7-8484-4AC65E1B71E8}"
EndProject
Project("{2150E333-8FDC-42A3-9474-1A3956D46DE8}") = "tests", "tests", "{FFC7E36F-9117-49B6-87D4-87ED9A2244B6}"
EndProject
Project("{FAE04EC0-301F-11D3-BF4B-00C04F79EFBC}") = "Validators.Tests", "tests\Validators.Tests\Validators.Tests.csproj", "{C54698D4-3FC2-4B68-9C5A-86D9CC932997}"
EndProject
Project("{FAE04EC0-301F-11D3-BF4B-00C04F79EFBC}") = "CommonTestUtilities", "tests\CommonTestUtilities\CommonTestUtilities.csproj", "{18F7C2A7-D670-4432-90DD-94E47D1535F9}"
EndProject
Global
	GlobalSection(SolutionConfigurationPlatforms) = preSolution
		Debug|Any CPU = Debug|Any CPU
		Release|Any CPU = Release|Any CPU
	EndGlobalSection
	GlobalSection(ProjectConfigurationPlatforms) = postSolution
		{8D90B109-9AC2-47F4-81FF-F8961A550F66}.Debug|Any CPU.ActiveCfg = Debug|Any CPU
		{8D90B109-9AC2-47F4-81FF-F8961A550F66}.Debug|Any CPU.Build.0 = Debug|Any CPU
		{8D90B109-9AC2-47F4-81FF-F8961A550F66}.Release|Any CPU.ActiveCfg = Release|Any CPU
		{8D90B109-9AC2-47F4-81FF-F8961A550F66}.Release|Any CPU.Build.0 = Release|Any CPU
		{DFC7FDE3-730A-48F1-953B-5FBCF2F6ED0C}.Debug|Any CPU.ActiveCfg = Debug|Any CPU
		{DFC7FDE3-730A-48F1-953B-5FBCF2F6ED0C}.Debug|Any CPU.Build.0 = Debug|Any CPU
		{DFC7FDE3-730A-48F1-953B-5FBCF2F6ED0C}.Release|Any CPU.ActiveCfg = Release|Any CPU
		{DFC7FDE3-730A-48F1-953B-5FBCF2F6ED0C}.Release|Any CPU.Build.0 = Release|Any CPU
		{7912DBD2-686D-4A0D-AAC6-F1C121E02C30}.Debug|Any CPU.ActiveCfg = Debug|Any CPU
		{7912DBD2-686D-4A0D-AAC6-F1C121E02C30}.Debug|Any CPU.Build.0 = Debug|Any CPU
		{7912DBD2-686D-4A0D-AAC6-F1C121E02C30}.Release|Any CPU.ActiveCfg = Release|Any CPU
		{7912DBD2-686D-4A0D-AAC6-F1C121E02C30}.Release|Any CPU.Build.0 = Release|Any CPU
		{641DBA49-77B9-46F7-8F32-7E892BB2BC11}.Debug|Any CPU.ActiveCfg = Debug|Any CPU
		{641DBA49-77B9-46F7-8F32-7E892BB2BC11}.Debug|Any CPU.Build.0 = Debug|Any CPU
		{641DBA49-77B9-46F7-8F32-7E892BB2BC11}.Release|Any CPU.ActiveCfg = Release|Any CPU
		{641DBA49-77B9-46F7-8F32-7E892BB2BC11}.Release|Any CPU.Build.0 = Release|Any CPU
		{8F6437F8-9D78-4DFB-8DB9-3E76A140B9A5}.Debug|Any CPU.ActiveCfg = Debug|Any CPU
		{8F6437F8-9D78-4DFB-8DB9-3E76A140B9A5}.Debug|Any CPU.Build.0 = Debug|Any CPU
		{8F6437F8-9D78-4DFB-8DB9-3E76A140B9A5}.Release|Any CPU.ActiveCfg = Release|Any CPU
		{8F6437F8-9D78-4DFB-8DB9-3E76A140B9A5}.Release|Any CPU.Build.0 = Release|Any CPU
		{942BA0ED-2A01-4EC9-9435-0DA17CA8C0F2}.Debug|Any CPU.ActiveCfg = Debug|Any CPU
		{942BA0ED-2A01-4EC9-9435-0DA17CA8C0F2}.Debug|Any CPU.Build.0 = Debug|Any CPU
		{942BA0ED-2A01-4EC9-9435-0DA17CA8C0F2}.Release|Any CPU.ActiveCfg = Release|Any CPU
		{942BA0ED-2A01-4EC9-9435-0DA17CA8C0F2}.Release|Any CPU.Build.0 = Release|Any CPU
		{C54698D4-3FC2-4B68-9C5A-86D9CC932997}.Debug|Any CPU.ActiveCfg = Debug|Any CPU
		{C54698D4-3FC2-4B68-9C5A-86D9CC932997}.Debug|Any CPU.Build.0 = Debug|Any CPU
		{C54698D4-3FC2-4B68-9C5A-86D9CC932997}.Release|Any CPU.ActiveCfg = Release|Any CPU
		{C54698D4-3FC2-4B68-9C5A-86D9CC932997}.Release|Any CPU.Build.0 = Release|Any CPU
		{18F7C2A7-D670-4432-90DD-94E47D1535F9}.Debug|Any CPU.ActiveCfg = Debug|Any CPU
		{18F7C2A7-D670-4432-90DD-94E47D1535F9}.Debug|Any CPU.Build.0 = Debug|Any CPU
		{18F7C2A7-D670-4432-90DD-94E47D1535F9}.Release|Any CPU.ActiveCfg = Release|Any CPU
		{18F7C2A7-D670-4432-90DD-94E47D1535F9}.Release|Any CPU.Build.0 = Release|Any CPU
	EndGlobalSection
	GlobalSection(SolutionProperties) = preSolution
		HideSolutionNode = FALSE
	EndGlobalSection
	GlobalSection(NestedProjects) = preSolution
		{8D90B109-9AC2-47F4-81FF-F8961A550F66} = {02EA681E-C7D8-13C7-8484-4AC65E1B71E8}
		{DFC7FDE3-730A-48F1-953B-5FBCF2F6ED0C} = {02EA681E-C7D8-13C7-8484-4AC65E1B71E8}
		{7912DBD2-686D-4A0D-AAC6-F1C121E02C30} = {02EA681E-C7D8-13C7-8484-4AC65E1B71E8}
		{641DBA49-77B9-46F7-8F32-7E892BB2BC11} = {02EA681E-C7D8-13C7-8484-4AC65E1B71E8}
		{8F6437F8-9D78-4DFB-8DB9-3E76A140B9A5} = {02EA681E-C7D8-13C7-8484-4AC65E1B71E8}
		{942BA0ED-2A01-4EC9-9435-0DA17CA8C0F2} = {02EA681E-C7D8-13C7-8484-4AC65E1B71E8}
		{C54698D4-3FC2-4B68-9C5A-86D9CC932997} = {FFC7E36F-9117-49B6-87D4-87ED9A2244B6}
		{18F7C2A7-D670-4432-90DD-94E47D1535F9} = {FFC7E36F-9117-49B6-87D4-87ED9A2244B6}
	EndGlobalSection
	GlobalSection(ExtensibilityGlobals) = postSolution
		SolutionGuid = {7DF3F81A-9548-4C36-90F9-B952CE1D1046}
	EndGlobalSection
EndGlobal
